
Microsoft Visual Studio Solution File, Format Version 12.00
# Visual Studio Version 17
VisualStudioVersion = 17.7.34221.43
MinimumVisualStudioVersion = 10.0.40219.1
Project("{FAE04EC0-301F-11D3-BF4B-00C04F79EFBC}") = "Strimbei_Maria_Laborator2.1", "Strimbei_Maria_Laborator2.1.csproj", "{87D05057-CB27-42B5-B9BF-E4A4F28A2772}"
EndProject
Global
	GlobalSection(SolutionConfigurationPlatforms) = preSolution
		Debug|Any CPU = Debug|Any CPU
		Release|Any CPU = Release|Any CPU
	EndGlobalSection
	GlobalSection(ProjectConfigurationPlatforms) = postSolution
		{87D05057-CB27-42B5-B9BF-E4A4F28A2772}.Debug|Any CPU.ActiveCfg = Debug|Any CPU
		{87D05057-CB27-42B5-B9BF-E4A4F28A2772}.Debug|Any CPU.Build.0 = Debug|Any CPU
		{87D05057-CB27-42B5-B9BF-E4A4F28A2772}.Release|Any CPU.ActiveCfg = Release|Any CPU
		{87D05057-CB27-42B5-B9BF-E4A4F28A2772}.Release|Any CPU.Build.0 = Release|Any CPU
	EndGlobalSection
	GlobalSection(SolutionProperties) = preSolution
		HideSolutionNode = FALSE
	EndGlobalSection
	GlobalSection(ExtensibilityGlobals) = postSolution
		SolutionGuid = {7E5EA61C-C804-416A-99FC-A8710F1C4977}
	EndGlobalSection
EndGlobal
